Microsoft Visual Studio Solution File, Format Version 12.00
# Visual Studio Version 16
VisualStudioVersion = 16.0.30204.135
MinimumVisualStudioVersion = 10.0.40219.1
Project("{9A19103F-16F7-4668-BE54-9A1E7A4F7556}") = "TheWorld_CSharpize", "TheWorld_CSharpize\TheWorld_CSharpize.csproj", "{5AB09CE2-DEDB-44F4-B6D8-21D9C7BE8BA8}"
EndProject
Project("{FAE04EC0-301F-11D3-BF4B-00C04F79EFBC}") = "TheWorld_TestMod", "TheWorld_TestMod\TheWorld_TestMod.csproj", "{2645F3A8-B791-45E1-AFCF-AADFD3F14786}"
EndProject
Global
	GlobalSection(SolutionConfigurationPlatforms) = preSolution
		Debug|Any CPU = Debug|Any CPU
		Release|Any CPU = Release|Any CPU
	EndGlobalSection
	GlobalSection(ProjectConfigurationPlatforms) = postSolution
		{5AB09CE2-DEDB-44F4-B6D8-21D9C7BE8BA8}.Debug|Any CPU.ActiveCfg = Debug|Any CPU
		{5AB09CE2-DEDB-44F4-B6D8-21D9C7BE8BA8}.Debug|Any CPU.Build.0 = Debug|Any CPU
		{5AB09CE2-DEDB-44F4-B6D8-21D9C7BE8BA8}.Release|Any CPU.ActiveCfg = Release|Any CPU
		{5AB09CE2-DEDB-44F4-B6D8-21D9C7BE8BA8}.Release|Any CPU.Build.0 = Release|Any CPU
		{2645F3A8-B791-45E1-AFCF-AADFD3F14786}.Debug|Any CPU.ActiveCfg = Debug|Any CPU
		{2645F3A8-B791-45E1-AFCF-AADFD3F14786}.Debug|Any CPU.Build.0 = Debug|Any CPU
		{2645F3A8-B791-45E1-AFCF-AADFD3F14786}.Release|Any CPU.ActiveCfg = Release|Any CPU
		{2645F3A8-B791-45E1-AFCF-AADFD3F14786}.Release|Any CPU.Build.0 = Release|Any CPU
	EndGlobalSection
	GlobalSection(SolutionProperties) = preSolution
		HideSolutionNode = FALSE
	EndGlobalSection
	GlobalSection(ExtensibilityGlobals) = postSolution
		SolutionGuid = {C544C47C-E270-4A77-970B-752ED61CBEEE}
	EndGlobalSection
EndGlobal
